
Microsoft Visual Studio Solution File, Format Version 12.00
# Visual Studio 14
VisualStudioVersion = 14.0.25420.1
MinimumVisualStudioVersion = 10.0.40219.1
Project("{FAE04EC0-301F-11D3-BF4B-00C04F79EFBC}") = "StandAlonePackingApp", "StandAlonePackingApp\StandAlonePackingApp.csproj", "{DC837734-ACB7-470E-9CFA-B33CDDBD662F}"
EndProject
Project("{FAE04EC0-301F-11D3-BF4B-00C04F79EFBC}") = "ShopFloorLib", "ShopFloorLib\ShopFloorLib.csproj", "{B4E44D52-FE27-4378-9E93-54F7DEA0C363}"
EndProject
Project("{FAE04EC0-301F-11D3-BF4B-00C04F79EFBC}") = "ScaleSimulator", "ScaleSimulator\ScaleSimulator.csproj", "{BE6AEDA6-0BDA-4A73-B713-B46C41C15679}"
EndProject
Project("{FAE04EC0-301F-11D3-BF4B-00C04F79EFBC}") = "StandAlonePackingWriter", "StandAlonePackingWriter\StandAlonePackingWriter.csproj", "{FDFF0ABE-08CB-4FD0-A5E5-412D4399F606}"
EndProject
Project("{FAE04EC0-301F-11D3-BF4B-00C04F79EFBC}") = "StandAlonePackingLib", "StandAlonePackingLib\StandAlonePackingLib.csproj", "{AEF03FD3-259C-4568-8057-DA60CFBEB10F}"
EndProject
Global
	GlobalSection(SolutionConfigurationPlatforms) = preSolution
		Debug|Any CPU = Debug|Any CPU
		Release|Any CPU = Release|Any CPU
	EndGlobalSection
	GlobalSection(ProjectConfigurationPlatforms) = postSolution
		{DC837734-ACB7-470E-9CFA-B33CDDBD662F}.Debug|Any CPU.ActiveCfg = Debug|Any CPU
		{DC837734-ACB7-470E-9CFA-B33CDDBD662F}.Debug|Any CPU.Build.0 = Debug|Any CPU
		{DC837734-ACB7-470E-9CFA-B33CDDBD662F}.Release|Any CPU.ActiveCfg = Release|Any CPU
		{DC837734-ACB7-470E-9CFA-B33CDDBD662F}.Release|Any CPU.Build.0 = Release|Any CPU
		{B4E44D52-FE27-4378-9E93-54F7DEA0C363}.Debug|Any CPU.ActiveCfg = Debug|Any CPU
		{B4E44D52-FE27-4378-9E93-54F7DEA0C363}.Debug|Any CPU.Build.0 = Debug|Any CPU
		{B4E44D52-FE27-4378-9E93-54F7DEA0C363}.Release|Any CPU.ActiveCfg = Release|Any CPU
		{B4E44D52-FE27-4378-9E93-54F7DEA0C363}.Release|Any CPU.Build.0 = Release|Any CPU
		{BE6AEDA6-0BDA-4A73-B713-B46C41C15679}.Debug|Any CPU.ActiveCfg = Debug|Any CPU
		{BE6AEDA6-0BDA-4A73-B713-B46C41C15679}.Debug|Any CPU.Build.0 = Debug|Any CPU
		{BE6AEDA6-0BDA-4A73-B713-B46C41C15679}.Release|Any CPU.ActiveCfg = Release|Any CPU
		{BE6AEDA6-0BDA-4A73-B713-B46C41C15679}.Release|Any CPU.Build.0 = Release|Any CPU
		{FDFF0ABE-08CB-4FD0-A5E5-412D4399F606}.Debug|Any CPU.ActiveCfg = Debug|Any CPU
		{FDFF0ABE-08CB-4FD0-A5E5-412D4399F606}.Debug|Any CPU.Build.0 = Debug|Any CPU
		{FDFF0ABE-08CB-4FD0-A5E5-412D4399F606}.Release|Any CPU.ActiveCfg = Release|Any CPU
		{FDFF0ABE-08CB-4FD0-A5E5-412D4399F606}.Release|Any CPU.Build.0 = Release|Any CPU
		{AEF03FD3-259C-4568-8057-DA60CFBEB10F}.Debug|Any CPU.ActiveCfg = Debug|Any CPU
		{AEF03FD3-259C-4568-8057-DA60CFBEB10F}.Debug|Any CPU.Build.0 = Debug|Any CPU
		{AEF03FD3-259C-4568-8057-DA60CFBEB10F}.Release|Any CPU.ActiveCfg = Release|Any CPU
		{AEF03FD3-259C-4568-8057-DA60CFBEB10F}.Release|Any CPU.Build.0 = Release|Any CPU
	EndGlobalSection
	GlobalSection(SolutionProperties) = preSolution
		HideSolutionNode = FALSE
	EndGlobalSection
	GlobalSection(ExtensibilityGlobals) = postSolution
		SolutionGuid = {7A03A25D-A2CE-4195-B7A1-2940E58D1389}
	EndGlobalSection
	GlobalSection(TeamFoundationVersionControl) = preSolution
		SccNumberOfProjects = 6
		SccEnterpriseProvider = {4CA58AB2-18FA-4F8D-95D4-32DDF27D184C}
		SccTeamFoundationServer = http://becnwlap013:8080/tfs/democollection
		SccLocalPath0 = .
		SccProjectUniqueName1 = ScaleSimulator\\ScaleSimulator.csproj
		SccProjectName1 = ScaleSimulator
		SccLocalPath1 = ScaleSimulator
		SccProjectUniqueName2 = ShopFloorLib\\ShopFloorLib.csproj
		SccProjectName2 = ShopFloorLib
		SccLocalPath2 = ShopFloorLib
		SccProjectUniqueName3 = StandAlonePackingApp\\StandAlonePackingApp.csproj
		SccProjectName3 = StandAlonePackingApp
		SccLocalPath3 = StandAlonePackingApp
		SccProjectUniqueName4 = StandAlonePackingLib\\StandAlonePackingLib.csproj
		SccProjectName4 = StandAlonePackingLib
		SccLocalPath4 = StandAlonePackingLib
		SccProjectUniqueName5 = StandAlonePackingWriter\\StandAlonePackingWriter.csproj
		SccProjectName5 = StandAlonePackingWriter
		SccLocalPath5 = StandAlonePackingWriter
	EndGlobalSection
EndGlobal
